<?xml version="1.0" encoding="utf-8"?>
<Project ToolsVersion="4.0" xmlns="http://schemas.microsoft.com/developer/msbuild/2003">
  <ItemGroup>
    <Filter Include="Source Files">
      <UniqueIdentifier>{4FC737F1-C7A5-4376-A066-2A32D752A2FF}</UniqueIdentifier>
      <Extensions>cpp;c;cc;cxx;c++;def;odl;idl;hpj;bat;asm;asmx</Extensions>
    </Filter>
    <Filter Include="Header Files">
      <UniqueIdentifier>{93995380-89BD-4b04-88EB-625FBE52EBFB}</UniqueIdentifier>
      <Extensions>h;hh;hpp;hxx;h++;hm;inl;inc;ipp;xsd</Extensions>
    </Filter>
    <Filter Include="Resource Files">
      <UniqueIdentifier>{67DA6AB6-F800-4c08-8B7A-83BB121AAD01}</UniqueIdentifier>
      <Extensions>rc;ico;cur;bmp;dlg;rc2;rct;bin;rgs;gif;jpg;jpeg;jpe;resx;tiff;tif;png;wav;mfcribbon-ms</Extensions>
    </Filter>
  </ItemGroup>
  <ItemGroup>
    <ClCompile Include="Source\glad.c">
      <Filter>Source Files</Filter>
    </ClCompile>
    <ClCompile Include="Source\XRE.cpp">
      <Filter>Source Files</Filter>
    </ClCompile>
    <ClCompile Include="Source\logging_module.cpp">
      <Filter>Source Files</Filter>
    </ClCompile>
    <ClCompile Include="Source\mesh.cpp">
      <Filter>Source Files</Filter>
    </ClCompile>
    <ClCompile Include="Source\model.cpp">
      <Filter>Source Files</Filter>
    </ClCompile>
    <ClCompile Include="Source\shader.cpp">
      <Filter>Source Files</Filter>
    </ClCompile>
    <ClCompile Include="Source\camera.cpp">
      <Filter>Source Files</Filter>
    </ClCompile>
    <ClCompile Include="Source\lights.cpp">
      <Filter>Source Files</Filter>
    </ClCompile>
    <ClCompile Include="Source\Renderer.cpp">
      <Filter>Source Files</Filter>
    </ClCompile>
    <ClCompile Include="Source\gl_error.cpp">
      <Filter>Source Files</Filter>
    </ClCompile>
  </ItemGroup>
  <ItemGroup>
    <ClInclude Include="Include\logger.h">
      <Filter>Header Files</Filter>
    </ClInclude>
    <ClInclude Include="Include\model.h">
      <Filter>Header Files</Filter>
    </ClInclude>
    <ClInclude Include="Include\mesh.h">
      <Filter>Header Files</Filter>
    </ClInclude>
    <ClInclude Include="Include\shader.h">
      <Filter>Header Files</Filter>
    </ClInclude>
    <ClInclude Include="Include\image_loader.h">
      <Filter>Header Files</Filter>
    </ClInclude>
    <ClInclude Include="C:\Users\ROG\source\repos\opengl\include\stb_image.h">
      <Filter>Header Files</Filter>
    </ClInclude>
    <ClInclude Include="Include\camera.h">
      <Filter>Header Files</Filter>
    </ClInclude>
    <ClInclude Include="Include\lights.h">
      <Filter>Header Files</Filter>
    </ClInclude>
    <ClInclude Include="Include\renderer.h">
      <Filter>Header Files</Filter>
    </ClInclude>
    <ClInclude Include="Include\stb_image.h">
      <Filter>Header Files</Filter>
    </ClInclude>
    <ClInclude Include="Include\xre_configuration.h">
      <Filter>Header Files</Filter>
    </ClInclude>
    <ClInclude Include="Include\ray_casting.h">
      <Filter>Header Files</Filter>
    </ClInclude>
  </ItemGroup>
  <ItemGroup>
    <None Include="Source\Resources\Shaders\vertex_shader.vert">
      <Filter>Resource Files</Filter>
    </None>
    <None Include="Source\Resources\Shaders\fragment_shader.frag">
      <Filter>Resource Files</Filter>
    </None>
    <None Include="Source\Resources\Shaders\quad_vertex_shader.vert" />
    <None Include="Source\Resources\Shaders\quad_fragment_shader.frag" />
    <None Include="Source\Resources\Shaders\light_fragment_shader.frag" />
    <None Include="Source\Resources\Shaders\light_vertex_shader.vert" />
    <None Include="Source\Resources\Shaders\depth_map_fragment_shader.frag" />
    <None Include="Source\Resources\Shaders\depth_map_vertex_shader.vert" />
    <None Include="Source\Resources\Shaders\depth_map_geometry_shader.geom" />
    <None Include="Source\Resources\Shaders\gaussian_blur_shader.frag" />
    <None Include="Source\Resources\Shaders\geometry_shader.geom" />
  </ItemGroup>
</Project>