<?xml version="1.0" encoding="utf-8"?>
<Project ToolsVersion="4.0" xmlns="http://schemas.microsoft.com/developer/msbuild/2003">
  <ItemGroup>
    <Filter Include="Source Files">
      <UniqueIdentifier>{4FC737F1-C7A5-4376-A066-2A32D752A2FF}</UniqueIdentifier>
      <Extensions>cpp;c;cc;cxx;c++;def;odl;idl;hpj;bat;asm;asmx</Extensions>
    </Filter>
    <Filter Include="Header Files">
      <UniqueIdentifier>{93995380-89BD-4b04-88EB-625FBE52EBFB}</UniqueIdentifier>
      <Extensions>h;hh;hpp;hxx;h++;hm;inl;inc;ipp;xsd</Extensions>
    </Filter>
    <Filter Include="Resource Files">
      <UniqueIdentifier>{67DA6AB6-F800-4c08-8B7A-83BB121AAD01}</UniqueIdentifier>
      <Extensions>rc;ico;cur;bmp;dlg;rc2;rct;bin;rgs;gif;jpg;jpeg;jpe;resx;tiff;tif;png;wav;mfcribbon-ms</Extensions>
    </Filter>
  </ItemGroup>
  <ItemGroup>
    <ClCompile Include="Source\glad.c">
      <Filter>Source Files</Filter>
    </ClCompile>
    <ClCompile Include="Source\XRE.cpp">
      <Filter>Source Files</Filter>
    </ClCompile>
    <ClCompile Include="Source\logging_module.cpp">
      <Filter>Source Files</Filter>
    </ClCompile>
    <ClCompile Include="Source\mesh.cpp">
      <Filter>Source Files</Filter>
    </ClCompile>
    <ClCompile Include="Source\model.cpp">
      <Filter>Source Files</Filter>
    </ClCompile>
    <ClCompile Include="Source\shader.cpp">
      <Filter>Source Files</Filter>
    </ClCompile>
    <ClCompile Include="Source\camera.cpp">
      <Filter>Source Files</Filter>
    </ClCompile>
    <ClCompile Include="Source\lights.cpp">
      <Filter>Source Files</Filter>
    </ClCompile>
    <ClCompile Include="Source\Renderer.cpp">
      <Filter>Source Files</Filter>
    </ClCompile>
    <ClCompile Include="Source\gl_error.cpp">
      <Filter>Source Files</Filter>
    </ClCompile>
    <ClCompile Include="Source\ibl.cpp">
      <Filter>Source Files</Filter>
    </ClCompile>
    <ClCompile Include="Source\LightingProbes.cpp">
      <Filter>Source Files</Filter>
    </ClCompile>
  </ItemGroup>
  <ItemGroup>
    <ClInclude Include="Include\logger.h">
      <Filter>Header Files</Filter>
    </ClInclude>
    <ClInclude Include="Include\model.h">
      <Filter>Header Files</Filter>
    </ClInclude>
    <ClInclude Include="Include\mesh.h">
      <Filter>Header Files</Filter>
    </ClInclude>
    <ClInclude Include="Include\shader.h">
      <Filter>Header Files</Filter>
    </ClInclude>
    <ClInclude Include="Include\image_loader.h">
      <Filter>Header Files</Filter>
    </ClInclude>
    <ClInclude Include="C:\Users\ROG\source\repos\opengl\include\stb_image.h">
      <Filter>Header Files</Filter>
    </ClInclude>
    <ClInclude Include="Include\camera.h">
      <Filter>Header Files</Filter>
    </ClInclude>
    <ClInclude Include="Include\lights.h">
      <Filter>Header Files</Filter>
    </ClInclude>
    <ClInclude Include="Include\renderer.h">
      <Filter>Header Files</Filter>
    </ClInclude>
    <ClInclude Include="Include\stb_image.h">
      <Filter>Header Files</Filter>
    </ClInclude>
    <ClInclude Include="Include\xre_configuration.h">
      <Filter>Header Files</Filter>
    </ClInclude>
    <ClInclude Include="Include\CullingTester.h">
      <Filter>Header Files</Filter>
    </ClInclude>
    <ClInclude Include="Include\ibl.h">
      <Filter>Header Files</Filter>
    </ClInclude>
    <ClInclude Include="Include\LightingProbes.h">
      <Filter>Header Files</Filter>
    </ClInclude>
  </ItemGroup>
  <ItemGroup>
    <None Include="Source\Resources\Shaders\SSAO\ssao_fragment_shader.frag" />
    <None Include="Source\Resources\Shaders\SSAO\ssao_vertex_shader.vert" />
    <None Include="Source\Resources\Shaders\BlinnPhong\deferred_bphong_color_fragment_shader.frag" />
    <None Include="Source\Resources\Shaders\BlinnPhong\deferred_bphong_color_vertex_shader.vert" />
    <None Include="Source\Resources\Shaders\BlinnPhong\forward_bphong_fragment_shader.frag" />
    <None Include="Source\Resources\Shaders\BlinnPhong\forward_bphong_vertex_shader.vert" />
    <None Include="Source\Resources\Shaders\Common\geometry_shader.geom" />
    <None Include="Source\Resources\Shaders\DeferredAdditional\deferred_fill_vertex_shader.vert" />
    <None Include="Source\Resources\Shaders\Quad\quad_fragment_shader.frag" />
    <None Include="Source\Resources\Shaders\Quad\quad_vertex_shader.vert" />
    <None Include="Source\Resources\Shaders\ShadowMapping\depth_map_directional_fragment_shader.frag" />
    <None Include="Source\Resources\Shaders\ShadowMapping\depth_map_geometry_shader.geom" />
    <None Include="Source\Resources\Shaders\ShadowMapping\depth_map_point_fragment_shader.frag" />
    <None Include="Source\Resources\Shaders\ShadowMapping\depth_map_vertex_shader.vert" />
    <None Include="Source\Resources\Shaders\DeferredAdditional\deferred_fill_pbr_fragment_shader.frag" />
    <None Include="Source\Resources\Shaders\Blur\bloom_ssao_blur_shader.frag" />
    <None Include="Source\Resources\Shaders\Blur\directional_soft_shadow_shadow.frag" />
    <None Include="Source\Resources\Shaders\IBL\renderToCube_fragment_shader.frag" />
    <None Include="Source\Resources\Shaders\IBL\renderToCube_vertex_shader.vert" />
    <None Include="Source\Resources\Shaders\IBL\renderToCube_geometry_shader.geom" />
    <None Include="Source\Resources\Shaders\IBL\irradiance_fragment_shader.frag" />
    <None Include="Source\Resources\Shaders\IBL\forward_bphong_shadowless_fragment_shader.frag" />
    <None Include="Source\Resources\Shaders\IBL\forward_bphong_shadowless_vertex_shader.vert" />
    <None Include="Source\Resources\Shaders\PBR\deferred_pbr_color_fragment_shader.frag" />
    <None Include="Source\Resources\Shaders\DeferredAdditional\deferred_fill_bphong_fragment_shader.frag" />
    <None Include="Source\Resources\Shaders\IBL\irradiance_vertex_shader.vert" />
    <None Include="Source\Resources\Shaders\IBL\reflection_map_fragment_shader.frag" />
    <None Include="Source\Resources\Shaders\IBL\reflection_map_vertex_shader.vert" />
  </ItemGroup>
</Project>